version = 1
revision = 3
requires-python = ">=3.12"

[[package]]
name = "pdf-utils"
version = "0.1.0"
source = { virtual = "." }
dependencies = [
    { name = "pypdf" },
]

[package.metadata]
requires-dist = [{ name = "pypdf", specifier = ">=5.0.0" }]

[[package]]
name = "pypdf"
version = "6.10.1"
source = { registry = "https://pypi.org/simple" }
sdist = { url = "https://files.pythonhosted.org/packages/66/79/f2730c42ec7891a75a2fcea2eb4f356872bcbc671b711418060424796612/pypdf-6.10.1.tar.gz", hash = "sha256:62e6ca7f65aaa28b3d192addb44f97296e4be1748f57ed0f4efb2d4915841880", size = 5315704, upload-time = "2026-04-14T12:55:20.996Z" }
wheels = [
    { url = "https://files.pythonhosted.org/packages/f0/04/e3aa7f1f14dbc53429cae34666261eb935d99bd61d24756ab94d7e0309da/pypdf-6.10.1-py3-none-any.whl", hash = "sha256:6331940d3bfe75b7e6601d35db7adabab5fc1d716efaeb384e3c0c3957d033de", size = 335606, upload-time = "2026-04-14T12:55:18.941Z" },
]
